
Microsoft Visual Studio Solution File, Format Version 12.00
# Visual Studio Version 17
VisualStudioVersion = 17.7.34024.191
MinimumVisualStudioVersion = 10.0.40219.1
Project("{FAE04EC0-301F-11D3-BF4B-00C04F79EFBC}") = "RabbitMQTest", "RabbitMQTest\RabbitMQTest.csproj", "{AE6B3F9F-B7C4-4B7C-952A-D777588CDE2F}"
EndProject
Global
	GlobalSection(SolutionConfigurationPlatforms) = preSolution
		Debug|Any CPU = Debug|Any CPU
		Release|Any CPU = Release|Any CPU
	EndGlobalSection
	GlobalSection(ProjectConfigurationPlatforms) = postSolution
		{AE6B3F9F-B7C4-4B7C-952A-D777588CDE2F}.Debug|Any CPU.ActiveCfg = Debug|Any CPU
		{AE6B3F9F-B7C4-4B7C-952A-D777588CDE2F}.Debug|Any CPU.Build.0 = Debug|Any CPU
		{AE6B3F9F-B7C4-4B7C-952A-D777588CDE2F}.Release|Any CPU.ActiveCfg = Release|Any CPU
		{AE6B3F9F-B7C4-4B7C-952A-D777588CDE2F}.Release|Any CPU.Build.0 = Release|Any CPU
	EndGlobalSection
	GlobalSection(SolutionProperties) = preSolution
		HideSolutionNode = FALSE
	EndGlobalSection
	GlobalSection(ExtensibilityGlobals) = postSolution
		SolutionGuid = {DC5F4A83-0AAE-45C0-89A9-CACB100270A2}
	EndGlobalSection
EndGlobal
